
Microsoft Visual Studio Solution File, Format Version 12.00
# Visual Studio 2012
VisualStudioVersion = 12.0.31101.0
MinimumVisualStudioVersion = 10.0.40219.1
Project("{FAE04EC0-301F-11D3-BF4B-00C04F79EFBC}") = "NetStatus", "NetStatus\NetStatus\NetStatus.csproj", "{892B815E-6920-4CD6-B198-A79F627871B8}"
EndProject
Project("{FAE04EC0-301F-11D3-BF4B-00C04F79EFBC}") = "NetStatus.iOS", "NetStatus\NetStatus.iOS\NetStatus.iOS.csproj", "{D264B782-F906-40B9-84FB-B6649805D1AF}"
EndProject
Project("{FAE04EC0-301F-11D3-BF4B-00C04F79EFBC}") = "NetStatus.Droid", "NetStatus\NetStatus.Droid\NetStatus.Droid.csproj", "{F707C548-D58B-4808-BAFF-4C04FB35DE93}"
EndProject
Project("{FAE04EC0-301F-11D3-BF4B-00C04F79EFBC}") = "NetStatus.WinPhone", "NetStatus\NetStatus.WinPhone\NetStatus.WinPhone.csproj", "{522C4CE4-A903-4216-AF26-C02C0EC90DFA}"
EndProject
Global
	GlobalSection(SolutionConfigurationPlatforms) = preSolution
		Ad-Hoc|Any CPU = Ad-Hoc|Any CPU
		Ad-Hoc|ARM = Ad-Hoc|ARM
		Ad-Hoc|iPhone = Ad-Hoc|iPhone
		Ad-Hoc|iPhoneSimulator = Ad-Hoc|iPhoneSimulator
		Ad-Hoc|Mixed Platforms = Ad-Hoc|Mixed Platforms
		Ad-Hoc|x86 = Ad-Hoc|x86
		AppStore|Any CPU = AppStore|Any CPU
		AppStore|ARM = AppStore|ARM
		AppStore|iPhone = AppStore|iPhone
		AppStore|iPhoneSimulator = AppStore|iPhoneSimulator
		AppStore|Mixed Platforms = AppStore|Mixed Platforms
		AppStore|x86 = AppStore|x86
		Debug|Any CPU = Debug|Any CPU
		Debug|ARM = Debug|ARM
		Debug|iPhone = Debug|iPhone
		Debug|iPhoneSimulator = Debug|iPhoneSimulator
		Debug|Mixed Platforms = Debug|Mixed Platforms
		Debug|x86 = Debug|x86
		Release|Any CPU = Release|Any CPU
		Release|ARM = Release|ARM
		Release|iPhone = Release|iPhone
		Release|iPhoneSimulator = Release|iPhoneSimulator
		Release|Mixed Platforms = Release|Mixed Platforms
		Release|x86 = Release|x86
	EndGlobalSection
	GlobalSection(ProjectConfigurationPlatforms) = postSolution
		{522C4CE4-A903-4216-AF26-C02C0EC90DFA}.Ad-Hoc|Any CPU.ActiveCfg = Release|Any CPU
		{522C4CE4-A903-4216-AF26-C02C0EC90DFA}.Ad-Hoc|Any CPU.Build.0 = Release|Any CPU
		{522C4CE4-A903-4216-AF26-C02C0EC90DFA}.Ad-Hoc|Any CPU.Deploy.0 = Release|Any CPU
		{522C4CE4-A903-4216-AF26-C02C0EC90DFA}.Ad-Hoc|ARM.ActiveCfg = Release|ARM
		{522C4CE4-A903-4216-AF26-C02C0EC90DFA}.Ad-Hoc|ARM.Build.0 = Release|ARM
		{522C4CE4-A903-4216-AF26-C02C0EC90DFA}.Ad-Hoc|ARM.Deploy.0 = Release|ARM
		{522C4CE4-A903-4216-AF26-C02C0EC90DFA}.Ad-Hoc|iPhone.ActiveCfg = Release|Any CPU
		{522C4CE4-A903-4216-AF26-C02C0EC90DFA}.Ad-Hoc|iPhoneSimulator.ActiveCfg = Release|Any CPU
		{522C4CE4-A903-4216-AF26-C02C0EC90DFA}.Ad-Hoc|Mixed Platforms.ActiveCfg = Release|x86
		{522C4CE4-A903-4216-AF26-C02C0EC90DFA}.Ad-Hoc|Mixed Platforms.Build.0 = Release|x86
		{522C4CE4-A903-4216-AF26-C02C0EC90DFA}.Ad-Hoc|Mixed Platforms.Deploy.0 = Release|x86
		{522C4CE4-A903-4216-AF26-C02C0EC90DFA}.Ad-Hoc|x86.ActiveCfg = Release|x86
		{522C4CE4-A903-4216-AF26-C02C0EC90DFA}.Ad-Hoc|x86.Build.0 = Release|x86
		{522C4CE4-A903-4216-AF26-C02C0EC90DFA}.Ad-Hoc|x86.Deploy.0 = Release|x86
		{522C4CE4-A903-4216-AF26-C02C0EC90DFA}.AppStore|Any CPU.ActiveCfg = Release|Any CPU
		{522C4CE4-A903-4216-AF26-C02C0EC90DFA}.AppStore|Any CPU.Build.0 = Release|Any CPU
		{522C4CE4-A903-4216-AF26-C02C0EC90DFA}.AppStore|Any CPU.Deploy.0 = Release|Any CPU
		{522C4CE4-A903-4216-AF26-C02C0EC90DFA}.AppStore|ARM.ActiveCfg = Release|ARM
		{522C4CE4-A903-4216-AF26-C02C0EC90DFA}.AppStore|ARM.Build.0 = Release|ARM
		{522C4CE4-A903-4216-AF26-C02C0EC90DFA}.AppStore|ARM.Deploy.0 = Release|ARM
		{522C4CE4-A903-4216-AF26-C02C0EC90DFA}.AppStore|iPhone.ActiveCfg = Release|Any CPU
		{522C4CE4-A903-4216-AF26-C02C0EC90DFA}.AppStore|iPhoneSimulator.ActiveCfg = Release|Any CPU
		{522C4CE4-A903-4216-AF26-C02C0EC90DFA}.AppStore|Mixed Platforms.ActiveCfg = Release|x86
		{522C4CE4-A903-4216-AF26-C02C0EC90DFA}.AppStore|Mixed Platforms.Build.0 = Release|x86
		{522C4CE4-A903-4216-AF26-C02C0EC90DFA}.AppStore|Mixed Platforms.Deploy.0 = Release|x86
		{522C4CE4-A903-4216-AF26-C02C0EC90DFA}.AppStore|x86.ActiveCfg = Release|x86
		{522C4CE4-A903-4216-AF26-C02C0EC90DFA}.AppStore|x86.Build.0 = Release|x86
		{522C4CE4-A903-4216-AF26-C02C0EC90DFA}.AppStore|x86.Deploy.0 = Release|x86
		{522C4CE4-A903-4216-AF26-C02C0EC90DFA}.Debug|Any CPU.ActiveCfg = Debug|Any CPU
		{522C4CE4-A903-4216-AF26-C02C0EC90DFA}.Debug|Any CPU.Build.0 = Debug|Any CPU
		{522C4CE4-A903-4216-AF26-C02C0EC90DFA}.Debug|Any CPU.Deploy.0 = Debug|Any CPU
		{522C4CE4-A903-4216-AF26-C02C0EC90DFA}.Debug|ARM.ActiveCfg = Debug|ARM
		{522C4CE4-A903-4216-AF26-C02C0EC90DFA}.Debug|ARM.Build.0 = Debug|ARM
		{522C4CE4-A903-4216-AF26-C02C0EC90DFA}.Debug|ARM.Deploy.0 = Debug|ARM
		{522C4CE4-A903-4216-AF26-C02C0EC90DFA}.Debug|iPhone.ActiveCfg = Debug|Any CPU
		{522C4CE4-A903-4216-AF26-C02C0EC90DFA}.Debug|iPhoneSimulator.ActiveCfg = Debug|Any CPU
		{522C4CE4-A903-4216-AF26-C02C0EC90DFA}.Debug|Mixed Platforms.ActiveCfg = Debug|x86
		{522C4CE4-A903-4216-AF26-C02C0EC90DFA}.Debug|Mixed Platforms.Build.0 = Debug|x86
		{522C4CE4-A903-4216-AF26-C02C0EC90DFA}.Debug|Mixed Platforms.Deploy.0 = Debug|x86
		{522C4CE4-A903-4216-AF26-C02C0EC90DFA}.Debug|x86.ActiveCfg = Debug|x86
		{522C4CE4-A903-4216-AF26-C02C0EC90DFA}.Debug|x86.Build.0 = Debug|x86
		{522C4CE4-A903-4216-AF26-C02C0EC90DFA}.Debug|x86.Deploy.0 = Debug|x86
		{522C4CE4-A903-4216-AF26-C02C0EC90DFA}.Release|Any CPU.ActiveCfg = Release|Any CPU
		{522C4CE4-A903-4216-AF26-C02C0EC90DFA}.Release|Any CPU.Build.0 = Release|Any CPU
		{522C4CE4-A903-4216-AF26-C02C0EC90DFA}.Release|Any CPU.Deploy.0 = Release|Any CPU
		{522C4CE4-A903-4216-AF26-C02C0EC90DFA}.Release|ARM.ActiveCfg = Release|ARM
		{522C4CE4-A903-4216-AF26-C02C0EC90DFA}.Release|ARM.Build.0 = Release|ARM
		{522C4CE4-A903-4216-AF26-C02C0EC90DFA}.Release|ARM.Deploy.0 = Release|ARM
		{522C4CE4-A903-4216-AF26-C02C0EC90DFA}.Release|iPhone.ActiveCfg = Release|Any CPU
		{522C4CE4-A903-4216-AF26-C02C0EC90DFA}.Release|iPhoneSimulator.ActiveCfg = Release|Any CPU
		{522C4CE4-A903-4216-AF26-C02C0EC90DFA}.Release|Mixed Platforms.ActiveCfg = Release|x86
		{522C4CE4-A903-4216-AF26-C02C0EC90DFA}.Release|Mixed Platforms.Build.0 = Release|x86
		{522C4CE4-A903-4216-AF26-C02C0EC90DFA}.Release|Mixed Platforms.Deploy.0 = Release|x86
		{522C4CE4-A903-4216-AF26-C02C0EC90DFA}.Release|x86.ActiveCfg = Release|x86
		{522C4CE4-A903-4216-AF26-C02C0EC90DFA}.Release|x86.Build.0 = Release|x86
		{522C4CE4-A903-4216-AF26-C02C0EC90DFA}.Release|x86.Deploy.0 = Release|x86
		{892B815E-6920-4CD6-B198-A79F627871B8}.Ad-Hoc|Any CPU.ActiveCfg = Release|Any CPU
		{892B815E-6920-4CD6-B198-A79F627871B8}.Ad-Hoc|Any CPU.Build.0 = Release|Any CPU
		{892B815E-6920-4CD6-B198-A79F627871B8}.Ad-Hoc|ARM.ActiveCfg = Release|Any CPU
		{892B815E-6920-4CD6-B198-A79F627871B8}.Ad-Hoc|iPhone.ActiveCfg = Release|Any CPU
		{892B815E-6920-4CD6-B198-A79F627871B8}.Ad-Hoc|iPhoneSimulator.ActiveCfg = Release|Any CPU
		{892B815E-6920-4CD6-B198-A79F627871B8}.Ad-Hoc|Mixed Platforms.ActiveCfg = Release|Any CPU
		{892B815E-6920-4CD6-B198-A79F627871B8}.Ad-Hoc|Mixed Platforms.Build.0 = Release|Any CPU
		{892B815E-6920-4CD6-B198-A79F627871B8}.Ad-Hoc|x86.ActiveCfg = Release|Any CPU
		{892B815E-6920-4CD6-B198-A79F627871B8}.AppStore|Any CPU.ActiveCfg = Release|Any CPU
		{892B815E-6920-4CD6-B198-A79F627871B8}.AppStore|Any CPU.Build.0 = Release|Any CPU
		{892B815E-6920-4CD6-B198-A79F627871B8}.AppStore|ARM.ActiveCfg = Release|Any CPU
		{892B815E-6920-4CD6-B198-A79F627871B8}.AppStore|iPhone.ActiveCfg = Release|Any CPU
		{892B815E-6920-4CD6-B198-A79F627871B8}.AppStore|iPhoneSimulator.ActiveCfg = Release|Any CPU
		{892B815E-6920-4CD6-B198-A79F627871B8}.AppStore|Mixed Platforms.ActiveCfg = Release|Any CPU
		{892B815E-6920-4CD6-B198-A79F627871B8}.AppStore|Mixed Platforms.Build.0 = Release|Any CPU
		{892B815E-6920-4CD6-B198-A79F627871B8}.AppStore|x86.ActiveCfg = Release|Any CPU
		{892B815E-6920-4CD6-B198-A79F627871B8}.Debug|Any CPU.ActiveCfg = Debug|Any CPU
		{892B815E-6920-4CD6-B198-A79F627871B8}.Debug|Any CPU.Build.0 = Debug|Any CPU
		{892B815E-6920-4CD6-B198-A79F627871B8}.Debug|ARM.ActiveCfg = Debug|Any CPU
		{892B815E-6920-4CD6-B198-A79F627871B8}.Debug|iPhone.ActiveCfg = Debug|Any CPU
		{892B815E-6920-4CD6-B198-A79F627871B8}.Debug|iPhoneSimulator.ActiveCfg = Debug|Any CPU
		{892B815E-6920-4CD6-B198-A79F627871B8}.Debug|Mixed Platforms.ActiveCfg = Debug|Any CPU
		{892B815E-6920-4CD6-B198-A79F627871B8}.Debug|Mixed Platforms.Build.0 = Debug|Any CPU
		{892B815E-6920-4CD6-B198-A79F627871B8}.Debug|x86.ActiveCfg = Debug|Any CPU
		{892B815E-6920-4CD6-B198-A79F627871B8}.Release|Any CPU.ActiveCfg = Release|Any CPU
		{892B815E-6920-4CD6-B198-A79F627871B8}.Release|Any CPU.Build.0 = Release|Any CPU
		{892B815E-6920-4CD6-B198-A79F627871B8}.Release|ARM.ActiveCfg = Release|Any CPU
		{892B815E-6920-4CD6-B198-A79F627871B8}.Release|iPhone.ActiveCfg = Release|Any CPU
		{892B815E-6920-4CD6-B198-A79F627871B8}.Release|iPhoneSimulator.ActiveCfg = Release|Any CPU
		{892B815E-6920-4CD6-B198-A79F627871B8}.Release|Mixed Platforms.ActiveCfg = Release|Any CPU
		{892B815E-6920-4CD6-B198-A79F627871B8}.Release|Mixed Platforms.Build.0 = Release|Any CPU
		{892B815E-6920-4CD6-B198-A79F627871B8}.Release|x86.ActiveCfg = Release|Any CPU
		{D264B782-F906-40B9-84FB-B6649805D1AF}.Ad-Hoc|Any CPU.ActiveCfg = Ad-Hoc|iPhone
		{D264B782-F906-40B9-84FB-B6649805D1AF}.Ad-Hoc|ARM.ActiveCfg = Ad-Hoc|iPhone
		{D264B782-F906-40B9-84FB-B6649805D1AF}.Ad-Hoc|iPhone.ActiveCfg = Ad-Hoc|iPhone
		{D264B782-F906-40B9-84FB-B6649805D1AF}.Ad-Hoc|iPhone.Build.0 = Ad-Hoc|iPhone
		{D264B782-F906-40B9-84FB-B6649805D1AF}.Ad-Hoc|iPhoneSimulator.ActiveCfg = Ad-Hoc|iPhoneSimulator
		{D264B782-F906-40B9-84FB-B6649805D1AF}.Ad-Hoc|iPhoneSimulator.Build.0 = Ad-Hoc|iPhoneSimulator
		{D264B782-F906-40B9-84FB-B6649805D1AF}.Ad-Hoc|Mixed Platforms.ActiveCfg = Ad-Hoc|iPhone
		{D264B782-F906-40B9-84FB-B6649805D1AF}.Ad-Hoc|Mixed Platforms.Build.0 = Ad-Hoc|iPhone
		{D264B782-F906-40B9-84FB-B6649805D1AF}.Ad-Hoc|x86.ActiveCfg = Ad-Hoc|iPhone
		{D264B782-F906-40B9-84FB-B6649805D1AF}.AppStore|Any CPU.ActiveCfg = AppStore|iPhone
		{D264B782-F906-40B9-84FB-B6649805D1AF}.AppStore|ARM.ActiveCfg = AppStore|iPhone
		{D264B782-F906-40B9-84FB-B6649805D1AF}.AppStore|iPhone.ActiveCfg = AppStore|iPhone
		{D264B782-F906-40B9-84FB-B6649805D1AF}.AppStore|iPhone.Build.0 = AppStore|iPhone
		{D264B782-F906-40B9-84FB-B6649805D1AF}.AppStore|iPhoneSimulator.ActiveCfg = AppStore|iPhoneSimulator
		{D264B782-F906-40B9-84FB-B6649805D1AF}.AppStore|iPhoneSimulator.Build.0 = AppStore|iPhoneSimulator
		{D264B782-F906-40B9-84FB-B6649805D1AF}.AppStore|Mixed Platforms.ActiveCfg = AppStore|iPhone
		{D264B782-F906-40B9-84FB-B6649805D1AF}.AppStore|Mixed Platforms.Build.0 = AppStore|iPhone
		{D264B782-F906-40B9-84FB-B6649805D1AF}.AppStore|x86.ActiveCfg = AppStore|iPhone
		{D264B782-F906-40B9-84FB-B6649805D1AF}.Debug|Any CPU.ActiveCfg = Debug|iPhone
		{D264B782-F906-40B9-84FB-B6649805D1AF}.Debug|ARM.ActiveCfg = Debug|iPhone
		{D264B782-F906-40B9-84FB-B6649805D1AF}.Debug|iPhone.ActiveCfg = Debug|iPhone
		{D264B782-F906-40B9-84FB-B6649805D1AF}.Debug|iPhone.Build.0 = Debug|iPhone
		{D264B782-F906-40B9-84FB-B6649805D1AF}.Debug|iPhoneSimulator.ActiveCfg = Debug|iPhoneSimulator
		{D264B782-F906-40B9-84FB-B6649805D1AF}.Debug|iPhoneSimulator.Build.0 = Debug|iPhoneSimulator
		{D264B782-F906-40B9-84FB-B6649805D1AF}.Debug|Mixed Platforms.ActiveCfg = Debug|iPhone
		{D264B782-F906-40B9-84FB-B6649805D1AF}.Debug|Mixed Platforms.Build.0 = Debug|iPhone
		{D264B782-F906-40B9-84FB-B6649805D1AF}.Debug|x86.ActiveCfg = Debug|iPhone
		{D264B782-F906-40B9-84FB-B6649805D1AF}.Release|Any CPU.ActiveCfg = Release|iPhone
		{D264B782-F906-40B9-84FB-B6649805D1AF}.Release|ARM.ActiveCfg = Release|iPhone
		{D264B782-F906-40B9-84FB-B6649805D1AF}.Release|iPhone.ActiveCfg = Release|iPhone
		{D264B782-F906-40B9-84FB-B6649805D1AF}.Release|iPhone.Build.0 = Release|iPhone
		{D264B782-F906-40B9-84FB-B6649805D1AF}.Release|iPhoneSimulator.ActiveCfg = Release|iPhoneSimulator
		{D264B782-F906-40B9-84FB-B6649805D1AF}.Release|iPhoneSimulator.Build.0 = Release|iPhoneSimulator
		{D264B782-F906-40B9-84FB-B6649805D1AF}.Release|Mixed Platforms.ActiveCfg = Release|iPhone
		{D264B782-F906-40B9-84FB-B6649805D1AF}.Release|Mixed Platforms.Build.0 = Release|iPhone
		{D264B782-F906-40B9-84FB-B6649805D1AF}.Release|x86.ActiveCfg = Release|iPhone
		{F707C548-D58B-4808-BAFF-4C04FB35DE93}.Ad-Hoc|Any CPU.ActiveCfg = Release|Any CPU
		{F707C548-D58B-4808-BAFF-4C04FB35DE93}.Ad-Hoc|Any CPU.Build.0 = Release|Any CPU
		{F707C548-D58B-4808-BAFF-4C04FB35DE93}.Ad-Hoc|Any CPU.Deploy.0 = Release|Any CPU
		{F707C548-D58B-4808-BAFF-4C04FB35DE93}.Ad-Hoc|ARM.ActiveCfg = Release|Any CPU
		{F707C548-D58B-4808-BAFF-4C04FB35DE93}.Ad-Hoc|iPhone.ActiveCfg = Release|Any CPU
		{F707C548-D58B-4808-BAFF-4C04FB35DE93}.Ad-Hoc|iPhoneSimulator.ActiveCfg = Release|Any CPU
		{F707C548-D58B-4808-BAFF-4C04FB35DE93}.Ad-Hoc|Mixed Platforms.ActiveCfg = Release|Any CPU
		{F707C548-D58B-4808-BAFF-4C04FB35DE93}.Ad-Hoc|Mixed Platforms.Build.0 = Release|Any CPU
		{F707C548-D58B-4808-BAFF-4C04FB35DE93}.Ad-Hoc|Mixed Platforms.Deploy.0 = Release|Any CPU
		{F707C548-D58B-4808-BAFF-4C04FB35DE93}.Ad-Hoc|x86.ActiveCfg = Release|Any CPU
		{F707C548-D58B-4808-BAFF-4C04FB35DE93}.AppStore|Any CPU.ActiveCfg = Release|Any CPU
		{F707C548-D58B-4808-BAFF-4C04FB35DE93}.AppStore|Any CPU.Build.0 = Release|Any CPU
		{F707C548-D58B-4808-BAFF-4C04FB35DE93}.AppStore|Any CPU.Deploy.0 = Release|Any CPU
		{F707C548-D58B-4808-BAFF-4C04FB35DE93}.AppStore|ARM.ActiveCfg = Release|Any CPU
		{F707C548-D58B-4808-BAFF-4C04FB35DE93}.AppStore|iPhone.ActiveCfg = Release|Any CPU
		{F707C548-D58B-4808-BAFF-4C04FB35DE93}.AppStore|iPhoneSimulator.ActiveCfg = Release|Any CPU
		{F707C548-D58B-4808-BAFF-4C04FB35DE93}.AppStore|Mixed Platforms.ActiveCfg = Release|Any CPU
		{F707C548-D58B-4808-BAFF-4C04FB35DE93}.AppStore|Mixed Platforms.Build.0 = Release|Any CPU
		{F707C548-D58B-4808-BAFF-4C04FB35DE93}.AppStore|Mixed Platforms.Deploy.0 = Release|Any CPU
		{F707C548-D58B-4808-BAFF-4C04FB35DE93}.AppStore|x86.ActiveCfg = Release|Any CPU
		{F707C548-D58B-4808-BAFF-4C04FB35DE93}.Debug|Any CPU.ActiveCfg = Debug|Any CPU
		{F707C548-D58B-4808-BAFF-4C04FB35DE93}.Debug|Any CPU.Build.0 = Debug|Any CPU
		{F707C548-D58B-4808-BAFF-4C04FB35DE93}.Debug|Any CPU.Deploy.0 = Debug|Any CPU
		{F707C548-D58B-4808-BAFF-4C04FB35DE93}.Debug|ARM.ActiveCfg = Debug|Any CPU
		{F707C548-D58B-4808-BAFF-4C04FB35DE93}.Debug|iPhone.ActiveCfg = Debug|Any CPU
		{F707C548-D58B-4808-BAFF-4C04FB35DE93}.Debug|iPhoneSimulator.ActiveCfg = Debug|Any CPU
		{F707C548-D58B-4808-BAFF-4C04FB35DE93}.Debug|Mixed Platforms.ActiveCfg = Debug|Any CPU
		{F707C548-D58B-4808-BAFF-4C04FB35DE93}.Debug|Mixed Platforms.Build.0 = Debug|Any CPU
		{F707C548-D58B-4808-BAFF-4C04FB35DE93}.Debug|Mixed Platforms.Deploy.0 = Debug|Any CPU
		{F707C548-D58B-4808-BAFF-4C04FB35DE93}.Debug|x86.ActiveCfg = Debug|Any CPU
		{F707C548-D58B-4808-BAFF-4C04FB35DE93}.Release|Any CPU.ActiveCfg = Release|Any CPU
		{F707C548-D58B-4808-BAFF-4C04FB35DE93}.Release|Any CPU.Build.0 = Release|Any CPU
		{F707C548-D58B-4808-BAFF-4C04FB35DE93}.Release|Any CPU.Deploy.0 = Release|Any CPU
		{F707C548-D58B-4808-BAFF-4C04FB35DE93}.Release|ARM.ActiveCfg = Release|Any CPU
		{F707C548-D58B-4808-BAFF-4C04FB35DE93}.Release|iPhone.ActiveCfg = Release|Any CPU
		{F707C548-D58B-4808-BAFF-4C04FB35DE93}.Release|iPhoneSimulator.ActiveCfg = Release|Any CPU
		{F707C548-D58B-4808-BAFF-4C04FB35DE93}.Release|Mixed Platforms.ActiveCfg = Release|Any CPU
		{F707C548-D58B-4808-BAFF-4C04FB35DE93}.Release|Mixed Platforms.Build.0 = Release|Any CPU
		{F707C548-D58B-4808-BAFF-4C04FB35DE93}.Release|Mixed Platforms.Deploy.0 = Release|Any CPU
		{F707C548-D58B-4808-BAFF-4C04FB35DE93}.Release|x86.ActiveCfg = Release|Any CPU
	EndGlobalSection
	GlobalSection(SolutionProperties) = preSolution
		HideSolutionNode = FALSE
	EndGlobalSection
EndGlobal
