
Microsoft Visual Studio Solution File, Format Version 12.00
# Visual Studio 2012
VisualStudioVersion = 14.0.22823.1
MinimumVisualStudioVersion = 10.0.40219.1
Project("{FAE04EC0-301F-11D3-BF4B-00C04F79EFBC}") = "XFHelloWorld", "XFHelloWorld\XFHelloWorld\XFHelloWorld.csproj", "{A21AEB4E-F671-4EE8-B8ED-3B3E93C087BF}"
EndProject
Project("{FAE04EC0-301F-11D3-BF4B-00C04F79EFBC}") = "XFHelloWorld.iOS", "XFHelloWorld\XFHelloWorld.iOS\XFHelloWorld.iOS.csproj", "{0760C7AA-1793-41AB-9128-F55538410D63}"
EndProject
Project("{FAE04EC0-301F-11D3-BF4B-00C04F79EFBC}") = "XFHelloWorld.Droid", "XFHelloWorld\XFHelloWorld.Droid\XFHelloWorld.Droid.csproj", "{78A4436B-47E7-41D7-83AB-2C4294713B45}"
EndProject
Project("{FAE04EC0-301F-11D3-BF4B-00C04F79EFBC}") = "XFHelloWorld.WinPhone", "XFHelloWorld\XFHelloWorld.WinPhone\XFHelloWorld.WinPhone.csproj", "{430498B0-E82A-42BC-97E3-32BD6A1FF2B4}"
EndProject
Global
	GlobalSection(SolutionConfigurationPlatforms) = preSolution
		Ad-Hoc|Any CPU = Ad-Hoc|Any CPU
		Ad-Hoc|ARM = Ad-Hoc|ARM
		Ad-Hoc|iPhone = Ad-Hoc|iPhone
		Ad-Hoc|iPhoneSimulator = Ad-Hoc|iPhoneSimulator
		Ad-Hoc|x86 = Ad-Hoc|x86
		AppStore|Any CPU = AppStore|Any CPU
		AppStore|ARM = AppStore|ARM
		AppStore|iPhone = AppStore|iPhone
		AppStore|iPhoneSimulator = AppStore|iPhoneSimulator
		AppStore|x86 = AppStore|x86
		Debug|Any CPU = Debug|Any CPU
		Debug|ARM = Debug|ARM
		Debug|iPhone = Debug|iPhone
		Debug|iPhoneSimulator = Debug|iPhoneSimulator
		Debug|x86 = Debug|x86
		Release|Any CPU = Release|Any CPU
		Release|ARM = Release|ARM
		Release|iPhone = Release|iPhone
		Release|iPhoneSimulator = Release|iPhoneSimulator
		Release|x86 = Release|x86
	EndGlobalSection
	GlobalSection(ProjectConfigurationPlatforms) = postSolution
		{0760C7AA-1793-41AB-9128-F55538410D63}.Ad-Hoc|Any CPU.ActiveCfg = Ad-Hoc|iPhone
		{0760C7AA-1793-41AB-9128-F55538410D63}.Ad-Hoc|ARM.ActiveCfg = Ad-Hoc|iPhone
		{0760C7AA-1793-41AB-9128-F55538410D63}.Ad-Hoc|iPhone.ActiveCfg = Ad-Hoc|iPhone
		{0760C7AA-1793-41AB-9128-F55538410D63}.Ad-Hoc|iPhone.Build.0 = Ad-Hoc|iPhone
		{0760C7AA-1793-41AB-9128-F55538410D63}.Ad-Hoc|iPhoneSimulator.ActiveCfg = Ad-Hoc|iPhoneSimulator
		{0760C7AA-1793-41AB-9128-F55538410D63}.Ad-Hoc|iPhoneSimulator.Build.0 = Ad-Hoc|iPhoneSimulator
		{0760C7AA-1793-41AB-9128-F55538410D63}.Ad-Hoc|x86.ActiveCfg = Ad-Hoc|iPhone
		{0760C7AA-1793-41AB-9128-F55538410D63}.AppStore|Any CPU.ActiveCfg = AppStore|iPhone
		{0760C7AA-1793-41AB-9128-F55538410D63}.AppStore|ARM.ActiveCfg = AppStore|iPhone
		{0760C7AA-1793-41AB-9128-F55538410D63}.AppStore|iPhone.ActiveCfg = AppStore|iPhone
		{0760C7AA-1793-41AB-9128-F55538410D63}.AppStore|iPhone.Build.0 = AppStore|iPhone
		{0760C7AA-1793-41AB-9128-F55538410D63}.AppStore|iPhoneSimulator.ActiveCfg = AppStore|iPhoneSimulator
		{0760C7AA-1793-41AB-9128-F55538410D63}.AppStore|iPhoneSimulator.Build.0 = AppStore|iPhoneSimulator
		{0760C7AA-1793-41AB-9128-F55538410D63}.AppStore|x86.ActiveCfg = AppStore|iPhone
		{0760C7AA-1793-41AB-9128-F55538410D63}.Debug|Any CPU.ActiveCfg = Debug|iPhone
		{0760C7AA-1793-41AB-9128-F55538410D63}.Debug|ARM.ActiveCfg = Debug|iPhone
		{0760C7AA-1793-41AB-9128-F55538410D63}.Debug|iPhone.ActiveCfg = Debug|iPhone
		{0760C7AA-1793-41AB-9128-F55538410D63}.Debug|iPhone.Build.0 = Debug|iPhone
		{0760C7AA-1793-41AB-9128-F55538410D63}.Debug|iPhoneSimulator.ActiveCfg = Debug|iPhoneSimulator
		{0760C7AA-1793-41AB-9128-F55538410D63}.Debug|iPhoneSimulator.Build.0 = Debug|iPhoneSimulator
		{0760C7AA-1793-41AB-9128-F55538410D63}.Debug|x86.ActiveCfg = Debug|iPhone
		{0760C7AA-1793-41AB-9128-F55538410D63}.Release|Any CPU.ActiveCfg = Release|iPhone
		{0760C7AA-1793-41AB-9128-F55538410D63}.Release|ARM.ActiveCfg = Release|iPhone
		{0760C7AA-1793-41AB-9128-F55538410D63}.Release|iPhone.ActiveCfg = Release|iPhone
		{0760C7AA-1793-41AB-9128-F55538410D63}.Release|iPhone.Build.0 = Release|iPhone
		{0760C7AA-1793-41AB-9128-F55538410D63}.Release|iPhoneSimulator.ActiveCfg = Release|iPhoneSimulator
		{0760C7AA-1793-41AB-9128-F55538410D63}.Release|iPhoneSimulator.Build.0 = Release|iPhoneSimulator
		{0760C7AA-1793-41AB-9128-F55538410D63}.Release|x86.ActiveCfg = Release|iPhone
		{430498B0-E82A-42BC-97E3-32BD6A1FF2B4}.Ad-Hoc|Any CPU.ActiveCfg = Release|Any CPU
		{430498B0-E82A-42BC-97E3-32BD6A1FF2B4}.Ad-Hoc|Any CPU.Build.0 = Release|Any CPU
		{430498B0-E82A-42BC-97E3-32BD6A1FF2B4}.Ad-Hoc|Any CPU.Deploy.0 = Release|Any CPU
		{430498B0-E82A-42BC-97E3-32BD6A1FF2B4}.Ad-Hoc|ARM.ActiveCfg = Release|ARM
		{430498B0-E82A-42BC-97E3-32BD6A1FF2B4}.Ad-Hoc|ARM.Build.0 = Release|ARM
		{430498B0-E82A-42BC-97E3-32BD6A1FF2B4}.Ad-Hoc|ARM.Deploy.0 = Release|ARM
		{430498B0-E82A-42BC-97E3-32BD6A1FF2B4}.Ad-Hoc|iPhone.ActiveCfg = Release|Any CPU
		{430498B0-E82A-42BC-97E3-32BD6A1FF2B4}.Ad-Hoc|iPhone.Build.0 = Release|Any CPU
		{430498B0-E82A-42BC-97E3-32BD6A1FF2B4}.Ad-Hoc|iPhone.Deploy.0 = Release|Any CPU
		{430498B0-E82A-42BC-97E3-32BD6A1FF2B4}.Ad-Hoc|iPhoneSimulator.ActiveCfg = Release|Any CPU
		{430498B0-E82A-42BC-97E3-32BD6A1FF2B4}.Ad-Hoc|iPhoneSimulator.Build.0 = Release|Any CPU
		{430498B0-E82A-42BC-97E3-32BD6A1FF2B4}.Ad-Hoc|iPhoneSimulator.Deploy.0 = Release|Any CPU
		{430498B0-E82A-42BC-97E3-32BD6A1FF2B4}.Ad-Hoc|x86.ActiveCfg = Release|x86
		{430498B0-E82A-42BC-97E3-32BD6A1FF2B4}.Ad-Hoc|x86.Build.0 = Release|x86
		{430498B0-E82A-42BC-97E3-32BD6A1FF2B4}.Ad-Hoc|x86.Deploy.0 = Release|x86
		{430498B0-E82A-42BC-97E3-32BD6A1FF2B4}.AppStore|Any CPU.ActiveCfg = Release|Any CPU
		{430498B0-E82A-42BC-97E3-32BD6A1FF2B4}.AppStore|Any CPU.Build.0 = Release|Any CPU
		{430498B0-E82A-42BC-97E3-32BD6A1FF2B4}.AppStore|Any CPU.Deploy.0 = Release|Any CPU
		{430498B0-E82A-42BC-97E3-32BD6A1FF2B4}.AppStore|ARM.ActiveCfg = Release|ARM
		{430498B0-E82A-42BC-97E3-32BD6A1FF2B4}.AppStore|ARM.Build.0 = Release|ARM
		{430498B0-E82A-42BC-97E3-32BD6A1FF2B4}.AppStore|ARM.Deploy.0 = Release|ARM
		{430498B0-E82A-42BC-97E3-32BD6A1FF2B4}.AppStore|iPhone.ActiveCfg = Release|Any CPU
		{430498B0-E82A-42BC-97E3-32BD6A1FF2B4}.AppStore|iPhone.Build.0 = Release|Any CPU
		{430498B0-E82A-42BC-97E3-32BD6A1FF2B4}.AppStore|iPhone.Deploy.0 = Release|Any CPU
		{430498B0-E82A-42BC-97E3-32BD6A1FF2B4}.AppStore|iPhoneSimulator.ActiveCfg = Release|Any CPU
		{430498B0-E82A-42BC-97E3-32BD6A1FF2B4}.AppStore|iPhoneSimulator.Build.0 = Release|Any CPU
		{430498B0-E82A-42BC-97E3-32BD6A1FF2B4}.AppStore|iPhoneSimulator.Deploy.0 = Release|Any CPU
		{430498B0-E82A-42BC-97E3-32BD6A1FF2B4}.AppStore|x86.ActiveCfg = Release|x86
		{430498B0-E82A-42BC-97E3-32BD6A1FF2B4}.AppStore|x86.Build.0 = Release|x86
		{430498B0-E82A-42BC-97E3-32BD6A1FF2B4}.AppStore|x86.Deploy.0 = Release|x86
		{430498B0-E82A-42BC-97E3-32BD6A1FF2B4}.Debug|Any CPU.ActiveCfg = Debug|Any CPU
		{430498B0-E82A-42BC-97E3-32BD6A1FF2B4}.Debug|Any CPU.Build.0 = Debug|Any CPU
		{430498B0-E82A-42BC-97E3-32BD6A1FF2B4}.Debug|Any CPU.Deploy.0 = Debug|Any CPU
		{430498B0-E82A-42BC-97E3-32BD6A1FF2B4}.Debug|ARM.ActiveCfg = Debug|ARM
		{430498B0-E82A-42BC-97E3-32BD6A1FF2B4}.Debug|ARM.Build.0 = Debug|ARM
		{430498B0-E82A-42BC-97E3-32BD6A1FF2B4}.Debug|ARM.Deploy.0 = Debug|ARM
		{430498B0-E82A-42BC-97E3-32BD6A1FF2B4}.Debug|iPhone.ActiveCfg = Debug|Any CPU
		{430498B0-E82A-42BC-97E3-32BD6A1FF2B4}.Debug|iPhone.Build.0 = Debug|Any CPU
		{430498B0-E82A-42BC-97E3-32BD6A1FF2B4}.Debug|iPhone.Deploy.0 = Debug|Any CPU
		{430498B0-E82A-42BC-97E3-32BD6A1FF2B4}.Debug|iPhoneSimulator.ActiveCfg = Debug|Any CPU
		{430498B0-E82A-42BC-97E3-32BD6A1FF2B4}.Debug|iPhoneSimulator.Build.0 = Debug|Any CPU
		{430498B0-E82A-42BC-97E3-32BD6A1FF2B4}.Debug|iPhoneSimulator.Deploy.0 = Debug|Any CPU
		{430498B0-E82A-42BC-97E3-32BD6A1FF2B4}.Debug|x86.ActiveCfg = Debug|x86
		{430498B0-E82A-42BC-97E3-32BD6A1FF2B4}.Debug|x86.Build.0 = Debug|x86
		{430498B0-E82A-42BC-97E3-32BD6A1FF2B4}.Debug|x86.Deploy.0 = Debug|x86
		{430498B0-E82A-42BC-97E3-32BD6A1FF2B4}.Release|Any CPU.ActiveCfg = Release|Any CPU
		{430498B0-E82A-42BC-97E3-32BD6A1FF2B4}.Release|Any CPU.Build.0 = Release|Any CPU
		{430498B0-E82A-42BC-97E3-32BD6A1FF2B4}.Release|Any CPU.Deploy.0 = Release|Any CPU
		{430498B0-E82A-42BC-97E3-32BD6A1FF2B4}.Release|ARM.ActiveCfg = Release|ARM
		{430498B0-E82A-42BC-97E3-32BD6A1FF2B4}.Release|ARM.Build.0 = Release|ARM
		{430498B0-E82A-42BC-97E3-32BD6A1FF2B4}.Release|ARM.Deploy.0 = Release|ARM
		{430498B0-E82A-42BC-97E3-32BD6A1FF2B4}.Release|iPhone.ActiveCfg = Release|Any CPU
		{430498B0-E82A-42BC-97E3-32BD6A1FF2B4}.Release|iPhone.Build.0 = Release|Any CPU
		{430498B0-E82A-42BC-97E3-32BD6A1FF2B4}.Release|iPhone.Deploy.0 = Release|Any CPU
		{430498B0-E82A-42BC-97E3-32BD6A1FF2B4}.Release|iPhoneSimulator.ActiveCfg = Release|Any CPU
		{430498B0-E82A-42BC-97E3-32BD6A1FF2B4}.Release|iPhoneSimulator.Build.0 = Release|Any CPU
		{430498B0-E82A-42BC-97E3-32BD6A1FF2B4}.Release|iPhoneSimulator.Deploy.0 = Release|Any CPU
		{430498B0-E82A-42BC-97E3-32BD6A1FF2B4}.Release|x86.ActiveCfg = Release|x86
		{430498B0-E82A-42BC-97E3-32BD6A1FF2B4}.Release|x86.Build.0 = Release|x86
		{430498B0-E82A-42BC-97E3-32BD6A1FF2B4}.Release|x86.Deploy.0 = Release|x86
		{78A4436B-47E7-41D7-83AB-2C4294713B45}.Ad-Hoc|Any CPU.ActiveCfg = Release|Any CPU
		{78A4436B-47E7-41D7-83AB-2C4294713B45}.Ad-Hoc|Any CPU.Build.0 = Release|Any CPU
		{78A4436B-47E7-41D7-83AB-2C4294713B45}.Ad-Hoc|Any CPU.Deploy.0 = Release|Any CPU
		{78A4436B-47E7-41D7-83AB-2C4294713B45}.Ad-Hoc|ARM.ActiveCfg = Release|Any CPU
		{78A4436B-47E7-41D7-83AB-2C4294713B45}.Ad-Hoc|ARM.Build.0 = Release|Any CPU
		{78A4436B-47E7-41D7-83AB-2C4294713B45}.Ad-Hoc|ARM.Deploy.0 = Release|Any CPU
		{78A4436B-47E7-41D7-83AB-2C4294713B45}.Ad-Hoc|iPhone.ActiveCfg = Release|Any CPU
		{78A4436B-47E7-41D7-83AB-2C4294713B45}.Ad-Hoc|iPhone.Build.0 = Release|Any CPU
		{78A4436B-47E7-41D7-83AB-2C4294713B45}.Ad-Hoc|iPhone.Deploy.0 = Release|Any CPU
		{78A4436B-47E7-41D7-83AB-2C4294713B45}.Ad-Hoc|iPhoneSimulator.ActiveCfg = Release|Any CPU
		{78A4436B-47E7-41D7-83AB-2C4294713B45}.Ad-Hoc|iPhoneSimulator.Build.0 = Release|Any CPU
		{78A4436B-47E7-41D7-83AB-2C4294713B45}.Ad-Hoc|iPhoneSimulator.Deploy.0 = Release|Any CPU
		{78A4436B-47E7-41D7-83AB-2C4294713B45}.Ad-Hoc|x86.ActiveCfg = Release|Any CPU
		{78A4436B-47E7-41D7-83AB-2C4294713B45}.Ad-Hoc|x86.Build.0 = Release|Any CPU
		{78A4436B-47E7-41D7-83AB-2C4294713B45}.Ad-Hoc|x86.Deploy.0 = Release|Any CPU
		{78A4436B-47E7-41D7-83AB-2C4294713B45}.AppStore|Any CPU.ActiveCfg = Release|Any CPU
		{78A4436B-47E7-41D7-83AB-2C4294713B45}.AppStore|Any CPU.Build.0 = Release|Any CPU
		{78A4436B-47E7-41D7-83AB-2C4294713B45}.AppStore|Any CPU.Deploy.0 = Release|Any CPU
		{78A4436B-47E7-41D7-83AB-2C4294713B45}.AppStore|ARM.ActiveCfg = Release|Any CPU
		{78A4436B-47E7-41D7-83AB-2C4294713B45}.AppStore|ARM.Build.0 = Release|Any CPU
		{78A4436B-47E7-41D7-83AB-2C4294713B45}.AppStore|ARM.Deploy.0 = Release|Any CPU
		{78A4436B-47E7-41D7-83AB-2C4294713B45}.AppStore|iPhone.ActiveCfg = Release|Any CPU
		{78A4436B-47E7-41D7-83AB-2C4294713B45}.AppStore|iPhone.Build.0 = Release|Any CPU
		{78A4436B-47E7-41D7-83AB-2C4294713B45}.AppStore|iPhone.Deploy.0 = Release|Any CPU
		{78A4436B-47E7-41D7-83AB-2C4294713B45}.AppStore|iPhoneSimulator.ActiveCfg = Release|Any CPU
		{78A4436B-47E7-41D7-83AB-2C4294713B45}.AppStore|iPhoneSimulator.Build.0 = Release|Any CPU
		{78A4436B-47E7-41D7-83AB-2C4294713B45}.AppStore|iPhoneSimulator.Deploy.0 = Release|Any CPU
		{78A4436B-47E7-41D7-83AB-2C4294713B45}.AppStore|x86.ActiveCfg = Release|Any CPU
		{78A4436B-47E7-41D7-83AB-2C4294713B45}.AppStore|x86.Build.0 = Release|Any CPU
		{78A4436B-47E7-41D7-83AB-2C4294713B45}.AppStore|x86.Deploy.0 = Release|Any CPU
		{78A4436B-47E7-41D7-83AB-2C4294713B45}.Debug|Any CPU.ActiveCfg = Debug|Any CPU
		{78A4436B-47E7-41D7-83AB-2C4294713B45}.Debug|Any CPU.Build.0 = Debug|Any CPU
		{78A4436B-47E7-41D7-83AB-2C4294713B45}.Debug|Any CPU.Deploy.0 = Debug|Any CPU
		{78A4436B-47E7-41D7-83AB-2C4294713B45}.Debug|ARM.ActiveCfg = Debug|Any CPU
		{78A4436B-47E7-41D7-83AB-2C4294713B45}.Debug|ARM.Build.0 = Debug|Any CPU
		{78A4436B-47E7-41D7-83AB-2C4294713B45}.Debug|ARM.Deploy.0 = Debug|Any CPU
		{78A4436B-47E7-41D7-83AB-2C4294713B45}.Debug|iPhone.ActiveCfg = Debug|Any CPU
		{78A4436B-47E7-41D7-83AB-2C4294713B45}.Debug|iPhone.Build.0 = Debug|Any CPU
		{78A4436B-47E7-41D7-83AB-2C4294713B45}.Debug|iPhone.Deploy.0 = Debug|Any CPU
		{78A4436B-47E7-41D7-83AB-2C4294713B45}.Debug|iPhoneSimulator.ActiveCfg = Debug|Any CPU
		{78A4436B-47E7-41D7-83AB-2C4294713B45}.Debug|iPhoneSimulator.Build.0 = Debug|Any CPU
		{78A4436B-47E7-41D7-83AB-2C4294713B45}.Debug|iPhoneSimulator.Deploy.0 = Debug|Any CPU
		{78A4436B-47E7-41D7-83AB-2C4294713B45}.Debug|x86.ActiveCfg = Debug|Any CPU
		{78A4436B-47E7-41D7-83AB-2C4294713B45}.Debug|x86.Build.0 = Debug|Any CPU
		{78A4436B-47E7-41D7-83AB-2C4294713B45}.Debug|x86.Deploy.0 = Debug|Any CPU
		{78A4436B-47E7-41D7-83AB-2C4294713B45}.Release|Any CPU.ActiveCfg = Release|Any CPU
		{78A4436B-47E7-41D7-83AB-2C4294713B45}.Release|Any CPU.Build.0 = Release|Any CPU
		{78A4436B-47E7-41D7-83AB-2C4294713B45}.Release|Any CPU.Deploy.0 = Release|Any CPU
		{78A4436B-47E7-41D7-83AB-2C4294713B45}.Release|ARM.ActiveCfg = Release|Any CPU
		{78A4436B-47E7-41D7-83AB-2C4294713B45}.Release|ARM.Build.0 = Release|Any CPU
		{78A4436B-47E7-41D7-83AB-2C4294713B45}.Release|ARM.Deploy.0 = Release|Any CPU
		{78A4436B-47E7-41D7-83AB-2C4294713B45}.Release|iPhone.ActiveCfg = Release|Any CPU
		{78A4436B-47E7-41D7-83AB-2C4294713B45}.Release|iPhone.Build.0 = Release|Any CPU
		{78A4436B-47E7-41D7-83AB-2C4294713B45}.Release|iPhone.Deploy.0 = Release|Any CPU
		{78A4436B-47E7-41D7-83AB-2C4294713B45}.Release|iPhoneSimulator.ActiveCfg = Release|Any CPU
		{78A4436B-47E7-41D7-83AB-2C4294713B45}.Release|iPhoneSimulator.Build.0 = Release|Any CPU
		{78A4436B-47E7-41D7-83AB-2C4294713B45}.Release|iPhoneSimulator.Deploy.0 = Release|Any CPU
		{78A4436B-47E7-41D7-83AB-2C4294713B45}.Release|x86.ActiveCfg = Release|Any CPU
		{78A4436B-47E7-41D7-83AB-2C4294713B45}.Release|x86.Build.0 = Release|Any CPU
		{78A4436B-47E7-41D7-83AB-2C4294713B45}.Release|x86.Deploy.0 = Release|Any CPU
		{A21AEB4E-F671-4EE8-B8ED-3B3E93C087BF}.Ad-Hoc|Any CPU.ActiveCfg = Release|Any CPU
		{A21AEB4E-F671-4EE8-B8ED-3B3E93C087BF}.Ad-Hoc|Any CPU.Build.0 = Release|Any CPU
		{A21AEB4E-F671-4EE8-B8ED-3B3E93C087BF}.Ad-Hoc|ARM.ActiveCfg = Release|Any CPU
		{A21AEB4E-F671-4EE8-B8ED-3B3E93C087BF}.Ad-Hoc|ARM.Build.0 = Release|Any CPU
		{A21AEB4E-F671-4EE8-B8ED-3B3E93C087BF}.Ad-Hoc|iPhone.ActiveCfg = Release|Any CPU
		{A21AEB4E-F671-4EE8-B8ED-3B3E93C087BF}.Ad-Hoc|iPhone.Build.0 = Release|Any CPU
		{A21AEB4E-F671-4EE8-B8ED-3B3E93C087BF}.Ad-Hoc|iPhoneSimulator.ActiveCfg = Release|Any CPU
		{A21AEB4E-F671-4EE8-B8ED-3B3E93C087BF}.Ad-Hoc|iPhoneSimulator.Build.0 = Release|Any CPU
		{A21AEB4E-F671-4EE8-B8ED-3B3E93C087BF}.Ad-Hoc|x86.ActiveCfg = Release|Any CPU
		{A21AEB4E-F671-4EE8-B8ED-3B3E93C087BF}.Ad-Hoc|x86.Build.0 = Release|Any CPU
		{A21AEB4E-F671-4EE8-B8ED-3B3E93C087BF}.AppStore|Any CPU.ActiveCfg = Release|Any CPU
		{A21AEB4E-F671-4EE8-B8ED-3B3E93C087BF}.AppStore|Any CPU.Build.0 = Release|Any CPU
		{A21AEB4E-F671-4EE8-B8ED-3B3E93C087BF}.AppStore|ARM.ActiveCfg = Release|Any CPU
		{A21AEB4E-F671-4EE8-B8ED-3B3E93C087BF}.AppStore|ARM.Build.0 = Release|Any CPU
		{A21AEB4E-F671-4EE8-B8ED-3B3E93C087BF}.AppStore|iPhone.ActiveCfg = Release|Any CPU
		{A21AEB4E-F671-4EE8-B8ED-3B3E93C087BF}.AppStore|iPhone.Build.0 = Release|Any CPU
		{A21AEB4E-F671-4EE8-B8ED-3B3E93C087BF}.AppStore|iPhoneSimulator.ActiveCfg = Release|Any CPU
		{A21AEB4E-F671-4EE8-B8ED-3B3E93C087BF}.AppStore|iPhoneSimulator.Build.0 = Release|Any CPU
		{A21AEB4E-F671-4EE8-B8ED-3B3E93C087BF}.AppStore|x86.ActiveCfg = Release|Any CPU
		{A21AEB4E-F671-4EE8-B8ED-3B3E93C087BF}.AppStore|x86.Build.0 = Release|Any CPU
		{A21AEB4E-F671-4EE8-B8ED-3B3E93C087BF}.Debug|Any CPU.ActiveCfg = Debug|Any CPU
		{A21AEB4E-F671-4EE8-B8ED-3B3E93C087BF}.Debug|Any CPU.Build.0 = Debug|Any CPU
		{A21AEB4E-F671-4EE8-B8ED-3B3E93C087BF}.Debug|ARM.ActiveCfg = Debug|Any CPU
		{A21AEB4E-F671-4EE8-B8ED-3B3E93C087BF}.Debug|ARM.Build.0 = Debug|Any CPU
		{A21AEB4E-F671-4EE8-B8ED-3B3E93C087BF}.Debug|iPhone.ActiveCfg = Debug|Any CPU
		{A21AEB4E-F671-4EE8-B8ED-3B3E93C087BF}.Debug|iPhone.Build.0 = Debug|Any CPU
		{A21AEB4E-F671-4EE8-B8ED-3B3E93C087BF}.Debug|iPhoneSimulator.ActiveCfg = Debug|Any CPU
		{A21AEB4E-F671-4EE8-B8ED-3B3E93C087BF}.Debug|iPhoneSimulator.Build.0 = Debug|Any CPU
		{A21AEB4E-F671-4EE8-B8ED-3B3E93C087BF}.Debug|x86.ActiveCfg = Debug|Any CPU
		{A21AEB4E-F671-4EE8-B8ED-3B3E93C087BF}.Debug|x86.Build.0 = Debug|Any CPU
		{A21AEB4E-F671-4EE8-B8ED-3B3E93C087BF}.Release|Any CPU.ActiveCfg = Release|Any CPU
		{A21AEB4E-F671-4EE8-B8ED-3B3E93C087BF}.Release|Any CPU.Build.0 = Release|Any CPU
		{A21AEB4E-F671-4EE8-B8ED-3B3E93C087BF}.Release|ARM.ActiveCfg = Release|Any CPU
		{A21AEB4E-F671-4EE8-B8ED-3B3E93C087BF}.Release|ARM.Build.0 = Release|Any CPU
		{A21AEB4E-F671-4EE8-B8ED-3B3E93C087BF}.Release|iPhone.ActiveCfg = Release|Any CPU
		{A21AEB4E-F671-4EE8-B8ED-3B3E93C087BF}.Release|iPhone.Build.0 = Release|Any CPU
		{A21AEB4E-F671-4EE8-B8ED-3B3E93C087BF}.Release|iPhoneSimulator.ActiveCfg = Release|Any CPU
		{A21AEB4E-F671-4EE8-B8ED-3B3E93C087BF}.Release|iPhoneSimulator.Build.0 = Release|Any CPU
		{A21AEB4E-F671-4EE8-B8ED-3B3E93C087BF}.Release|x86.ActiveCfg = Release|Any CPU
		{A21AEB4E-F671-4EE8-B8ED-3B3E93C087BF}.Release|x86.Build.0 = Release|Any CPU
	EndGlobalSection
	GlobalSection(SolutionProperties) = preSolution
		HideSolutionNode = FALSE
	EndGlobalSection
EndGlobal
