
Microsoft Visual Studio Solution File, Format Version 12.00
# Visual Studio 2012
Project("{FAE04EC0-301F-11D3-BF4B-00C04F79EFBC}") = "ToolbarTest", "ToolbarTest\ToolbarTest.csproj", "{35357412-6470-4353-887F-04E524F3BFEF}"
EndProject
Project("{FAE04EC0-301F-11D3-BF4B-00C04F79EFBC}") = "ToolbarTest.UITests", "ToolbarTest.UITests\ToolbarTest.UITests.csproj", "{4E61429E-31C3-406C-B524-825570581696}"
EndProject
Global
	GlobalSection(SolutionConfigurationPlatforms) = preSolution
		Debug|Any CPU = Debug|Any CPU
		Release|Any CPU = Release|Any CPU
	EndGlobalSection
	GlobalSection(ProjectConfigurationPlatforms) = postSolution
		{35357412-6470-4353-887F-04E524F3BFEF}.Debug|Any CPU.ActiveCfg = Debug|Any CPU
		{35357412-6470-4353-887F-04E524F3BFEF}.Debug|Any CPU.Build.0 = Debug|Any CPU
		{35357412-6470-4353-887F-04E524F3BFEF}.Release|Any CPU.ActiveCfg = Release|Any CPU
		{35357412-6470-4353-887F-04E524F3BFEF}.Release|Any CPU.Build.0 = Release|Any CPU
		{4E61429E-31C3-406C-B524-825570581696}.Debug|Any CPU.ActiveCfg = Debug|Any CPU
		{4E61429E-31C3-406C-B524-825570581696}.Debug|Any CPU.Build.0 = Debug|Any CPU
		{4E61429E-31C3-406C-B524-825570581696}.Release|Any CPU.ActiveCfg = Release|Any CPU
		{4E61429E-31C3-406C-B524-825570581696}.Release|Any CPU.Build.0 = Release|Any CPU
	EndGlobalSection
EndGlobal
